// !$*UTF8*$!
{
	archiveVersion = 1;
	classes = {
	};
	objectVersion = 51;
	objects = {

/* Begin PBXBuildFile section */
		0750F337F846A41C78F52706 /* Pods_NationalDex.framework in Frameworks */ = {isa = PBXBuildFile; fileRef = 317AA6D0F13B40307D32CDF8 /* Pods_NationalDex.framework */; };
		B2F58D9B246A31BC0058720C /* AppDelegate.swift in Sources */ = {isa = PBXBuildFile; fileRef = B2F58D9A246A31BC0058720C /* AppDelegate.swift */; };
		B2F58D9D246A31BC0058720C /* SceneDelegate.swift in Sources */ = {isa = PBXBuildFile; fileRef = B2F58D9C246A31BC0058720C /* SceneDelegate.swift */; };
		B2F58D9F246A31BC0058720C /* ViewController.swift in Sources */ = {isa = PBXBuildFile; fileRef = B2F58D9E246A31BC0058720C /* ViewController.swift */; };
		B2F58DA2246A31BC0058720C /* Main.storyboard in Resources */ = {isa = PBXBuildFile; fileRef = B2F58DA0246A31BC0058720C /* Main.storyboard */; };
		B2F58DA4246A31BD0058720C /* Assets.xcassets in Resources */ = {isa = PBXBuildFile; fileRef = B2F58DA3246A31BD0058720C /* Assets.xcassets */; };
		B2F58DA7246A31BD0058720C /* LaunchScreen.storyboard in Resources */ = {isa = PBXBuildFile; fileRef = B2F58DA5246A31BD0058720C /* LaunchScreen.storyboard */; };
/* End PBXBuildFile section */

/* Begin PBXFileReference section */
		317AA6D0F13B40307D32CDF8 /* Pods_NationalDex.framework */ = {isa = PBXFileReference; explicitFileType = wrapper.framework; includeInIndex = 0; path = Pods_NationalDex.framework; sourceTree = BUILT_PRODUCTS_DIR; };
		37B647A1479904A3A670F651 /* Pods-NationalDex.release.xcconfig */ = {isa = PBXFileReference; includeInIndex = 1; lastKnownFileType = text.xcconfig; name = "Pods-NationalDex.release.xcconfig"; path = "Target Support Files/Pods-NationalDex/Pods-NationalDex.release.xcconfig"; sourceTree = "<group>"; };
		8E22FB95AB7BBE205629F58D /* Pods-NationalDex.debug.xcconfig */ = {isa = PBXFileReference; includeInIndex = 1; lastKnownFileType = text.xcconfig; name = "Pods-NationalDex.debug.xcconfig"; path = "Target Support Files/Pods-NationalDex/Pods-NationalDex.debug.xcconfig"; sourceTree = "<group>"; };
		B2F58D97246A31BC0058720C /* NationalDex.app */ = {isa = PBXFileReference; explicitFileType = wrapper.application; includeInIndex = 0; path = NationalDex.app; sourceTree = BUILT_PRODUCTS_DIR; };
		B2F58D9A246A31BC0058720C /* AppDelegate.swift */ = {isa = PBXFileReference; lastKnownFileType = sourcecode.swift; path = AppDelegate.swift; sourceTree = "<group>"; };
		B2F58D9C246A31BC0058720C /* SceneDelegate.swift */ = {isa = PBXFileReference; lastKnownFileType = sourcecode.swift; path = SceneDelegate.swift; sourceTree = "<group>"; };
		B2F58D9E246A31BC0058720C /* ViewController.swift */ = {isa = PBXFileReference; lastKnownFileType = sourcecode.swift; path = ViewController.swift; sourceTree = "<group>"; };
		B2F58DA1246A31BC0058720C /* Base */ = {isa = PBXFileReference; lastKnownFileType = file.storyboard; name = Base; path = Base.lproj/Main.storyboard; sourceTree = "<group>"; };
		B2F58DA3246A31BD0058720C /* Assets.xcassets */ = {isa = PBXFileReference; lastKnownFileType = folder.assetcatalog; path = Assets.xcassets; sourceTree = "<group>"; };
		B2F58DA6246A31BD0058720C /* Base */ = {isa = PBXFileReference; lastKnownFileType = file.storyboard; name = Base; path = Base.lproj/LaunchScreen.storyboard; sourceTree = "<group>"; };
		B2F58DA8246A31BD0058720C /* Info.plist */ = {isa = PBXFileReference; lastKnownFileType = text.plist.xml; path = Info.plist; sourceTree = "<group>"; };
/* End PBXFileReference section */

/* Begin PBXFrameworksBuildPhase section */
		B2F58D94246A31BC0058720C /* Frameworks */ = {
			isa = PBXFrameworksBuildPhase;
			buildActionMask = 2147483647;
			files = (
				0750F337F846A41C78F52706 /* Pods_NationalDex.framework in Frameworks */,
			);
			runOnlyForDeploymentPostprocessing = 0;
		};
/* End PBXFrameworksBuildPhase section */

/* Begin PBXGroup section */
		8FCEA532AF99BE0F0C0E57CC /* Pods */ = {
			isa = PBXGroup;
			children = (
				8E22FB95AB7BBE205629F58D /* Pods-NationalDex.debug.xcconfig */,
				37B647A1479904A3A670F651 /* Pods-NationalDex.release.xcconfig */,
			);
			path = Pods;
			sourceTree = "<group>";
		};
		B2F58D8E246A31BC0058720C = {
			isa = PBXGroup;
			children = (
				B2F58D99246A31BC0058720C /* NationalDex */,
				B2F58D98246A31BC0058720C /* Products */,
				8FCEA532AF99BE0F0C0E57CC /* Pods */,
				D6D53D63AFB8F05A2AC6727F /* Frameworks */,
			);
			sourceTree = "<group>";
		};
		B2F58D98246A31BC0058720C /* Products */ = {
			isa = PBXGroup;
			children = (
				B2F58D97246A31BC0058720C /* NationalDex.app */,
			);
			name = Products;
			sourceTree = "<group>";
		};
		B2F58D99246A31BC0058720C /* NationalDex */ = {
			isa = PBXGroup;
			children = (
				B2F58DAE246A37550058720C /* Networking  */,
				B2F58D9A246A31BC0058720C /* AppDelegate.swift */,
				B2F58D9C246A31BC0058720C /* SceneDelegate.swift */,
				B2F58D9E246A31BC0058720C /* ViewController.swift */,
				B2F58DA0246A31BC0058720C /* Main.storyboard */,
				B2F58DA3246A31BD0058720C /* Assets.xcassets */,
				B2F58DA5246A31BD0058720C /* LaunchScreen.storyboard */,
				B2F58DA8246A31BD0058720C /* Info.plist */,
			);
			path = NationalDex;
			sourceTree = "<group>";
		};
		B2F58DAE246A37550058720C /* Networking  */ = {
			isa = PBXGroup;
			children = (
			);
			path = "Networking ";
			sourceTree = "<group>";
		};
		D6D53D63AFB8F05A2AC6727F /* Frameworks */ = {
			isa = PBXGroup;
			children = (
				317AA6D0F13B40307D32CDF8 /* Pods_NationalDex.framework */,
			);
			name = Frameworks;
			sourceTree = "<group>";
		};
/* End PBXGroup section */

/* Begin PBXNativeTarget section */
		B2F58D96246A31BC0058720C /* NationalDex */ = {
			isa = PBXNativeTarget;
			buildConfigurationList = B2F58DAB246A31BD0058720C /* Build configuration list for PBXNativeTarget "NationalDex" */;
			buildPhases = (
				65EEF97E0CB86A79A396A0E5 /* [CP] Check Pods Manifest.lock */,
				B2F58D93246A31BC0058720C /* Sources */,
				B2F58D94246A31BC0058720C /* Frameworks */,
				B2F58D95246A31BC0058720C /* Resources */,
				D335B3E0821D28564AE18C1F /* [CP] Embed Pods Frameworks */,
			);
			buildRules = (
			);
			dependencies = (
			);
			name = NationalDex;
			productName = NationalDex;
			productReference = B2F58D97246A31BC0058720C /* NationalDex.app */;
			productType = "com.apple.product-type.application";
		};
/* End PBXNativeTarget section */

/* Begin PBXProject section */
		B2F58D8F246A31BC0058720C /* Project object */ = {
			isa = PBXProject;
			attributes = {
				LastSwiftUpdateCheck = 1130;
				LastUpgradeCheck = 1130;
				ORGANIZATIONNAME = "Kendall Poindexter";
				TargetAttributes = {
					B2F58D96246A31BC0058720C = {
						CreatedOnToolsVersion = 11.3.1;
					};
				};
			};
			buildConfigurationList = B2F58D92246A31BC0058720C /* Build configuration list for PBXProject "NationalDex" */;
			compatibilityVersion = "Xcode 9.3";
			developmentRegion = en;
			hasScannedForEncodings = 0;
			knownRegions = (
				en,
				Base,
			);
			mainGroup = B2F58D8E246A31BC0058720C;
			productRefGroup = B2F58D98246A31BC0058720C /* Products */;
			projectDirPath = "";
			projectRoot = "";
			targets = (
				B2F58D96246A31BC0058720C /* NationalDex */,
			);
		};
/* End PBXProject section */

/* Begin PBXResourcesBuildPhase section */
		B2F58D95246A31BC0058720C /* Resources */ = {
			isa = PBXResourcesBuildPhase;
			buildActionMask = 2147483647;
			files = (
				B2F58DA7246A31BD0058720C /* LaunchScreen.storyboard in Resources */,
				B2F58DA4246A31BD0058720C /* Assets.xcassets in Resources */,
				B2F58DA2246A31BC0058720C /* Main.storyboard in Resources */,
			);
			runOnlyForDeploymentPostprocessing = 0;
		};
/* End PBXResourcesBuildPhase section */

/* Begin PBXShellScriptBuildPhase section */
		65EEF97E0CB86A79A396A0E5 /* [CP] Check Pods Manifest.lock */ = {
			isa = PBXShellScriptBuildPhase;
			buildActionMask = 2147483647;
			files = (
			);
			inputFileListPaths = (
			);
			inputPaths = (
				"${PODS_PODFILE_DIR_PATH}/Podfile.lock",
				"${PODS_ROOT}/Manifest.lock",
			);
			name = "[CP] Check Pods Manifest.lock";
			outputFileListPaths = (
			);
			outputPaths = (
				"$(DERIVED_FILE_DIR)/Pods-NationalDex-checkManifestLockResult.txt",
			);
			runOnlyForDeploymentPostprocessing = 0;
			shellPath = /bin/sh;
			shellScript = "diff \"${PODS_PODFILE_DIR_PATH}/Podfile.lock\" \"${PODS_ROOT}/Manifest.lock\" > /dev/null\nif [ $? != 0 ] ; then\n    # print error to STDERR\n    echo \"error: The sandbox is not in sync with the Podfile.lock. Run 'pod install' or update your CocoaPods installation.\" >&2\n    exit 1\nfi\n# This output is used by Xcode 'outputs' to avoid re-running this script phase.\necho \"SUCCESS\" > \"${SCRIPT_OUTPUT_FILE_0}\"\n";
			showEnvVarsInLog = 0;
		};
		D335B3E0821D28564AE18C1F /* [CP] Embed Pods Frameworks */ = {
			isa = PBXShellScriptBuildPhase;
			buildActionMask = 2147483647;
			files = (
			);
			inputFileListPaths = (
				"${PODS_ROOT}/Target Support Files/Pods-NationalDex/Pods-NationalDex-frameworks-${CONFIGURATION}-input-files.xcfilelist",
			);
			name = "[CP] Embed Pods Frameworks";
			outputFileListPaths = (
				"${PODS_ROOT}/Target Support Files/Pods-NationalDex/Pods-NationalDex-frameworks-${CONFIGURATION}-output-files.xcfilelist",
			);
			runOnlyForDeploymentPostprocessing = 0;
			shellPath = /bin/sh;
			shellScript = "\"${PODS_ROOT}/Target Support Files/Pods-NationalDex/Pods-NationalDex-frameworks.sh\"\n";
			showEnvVarsInLog = 0;
		};
/* End PBXShellScriptBuildPhase section */

/* Begin PBXSourcesBuildPhase section */
		B2F58D93246A31BC0058720C /* Sources */ = {
			isa = PBXSourcesBuildPhase;
			buildActionMask = 2147483647;
			files = (
				B2F58D9F246A31BC0058720C /* ViewController.swift in Sources */,
				B2F58D9B246A31BC0058720C /* AppDelegate.swift in Sources */,
				B2F58D9D246A31BC0058720C /* SceneDelegate.swift in Sources */,
			);
			runOnlyForDeploymentPostprocessing = 0;
		};
/* End PBXSourcesBuildPhase section */

/* Begin PBXVariantGroup section */
		B2F58DA0246A31BC0058720C /* Main.storyboard */ = {
			isa = PBXVariantGroup;
			children = (
				B2F58DA1246A31BC0058720C /* Base */,
			);
			name = Main.storyboard;
			sourceTree = "<group>";
		};
		B2F58DA5246A31BD0058720C /* LaunchScreen.storyboard */ = {
			isa = PBXVariantGroup;
			children = (
				B2F58DA6246A31BD0058720C /* Base */,
			);
			name = LaunchScreen.storyboard;
			sourceTree = "<group>";
		};
/* End PBXVariantGroup section */

/* Begin XCBuildConfiguration section */
		B2F58DA9246A31BD0058720C /* Debug */ = {
			isa = XCBuildConfiguration;
			buildSettings = {
				ALWAYS_SEARCH_USER_PATHS = NO;
				CLANG_ANALYZER_NONNULL = YES;
				CLANG_ANALYZER_NUMBER_OBJECT_CONVERSION = YES_AGGRESSIVE;
				CLANG_CXX_LANGUAGE_STANDARD = "gnu++14";
				CLANG_CXX_LIBRARY = "libc++";
				CLANG_ENABLE_MODULES = YES;
				CLANG_ENABLE_OBJC_ARC = YES;
				CLANG_ENABLE_OBJC_WEAK = YES;
				CLANG_WARN_BLOCK_CAPTURE_AUTORELEASING = YES;
				CLANG_WARN_BOOL_CONVERSION = YES;
				CLANG_WARN_COMMA = YES;
				CLANG_WARN_CONSTANT_CONVERSION = YES;
				CLANG_WARN_DEPRECATED_OBJC_IMPLEMENTATIONS = YES;
				CLANG_WARN_DIRECT_OBJC_ISA_USAGE = YES_ERROR;
				CLANG_WARN_DOCUMENTATION_COMMENTS = YES;
				CLANG_WARN_EMPTY_BODY = YES;
				CLANG_WARN_ENUM_CONVERSION = YES;
				CLANG_WARN_INFINITE_RECURSION = YES;
				CLANG_WARN_INT_CONVERSION = YES;
				CLANG_WARN_NON_LITERAL_NULL_CONVERSION = YES;
				CLANG_WARN_OBJC_IMPLICIT_RETAIN_SELF = YES;
				CLANG_WARN_OBJC_LITERAL_CONVERSION = YES;
				CLANG_WARN_OBJC_ROOT_CLASS = YES_ERROR;
				CLANG_WARN_RANGE_LOOP_ANALYSIS = YES;
				CLANG_WARN_STRICT_PROTOTYPES = YES;
				CLANG_WARN_SUSPICIOUS_MOVE = YES;
				CLANG_WARN_UNGUARDED_AVAILABILITY = YES_AGGRESSIVE;
				CLANG_WARN_UNREACHABLE_CODE = YES;
				CLANG_WARN__DUPLICATE_METHOD_MATCH = YES;
				COPY_PHASE_STRIP = NO;
				DEBUG_INFORMATION_FORMAT = dwarf;
				ENABLE_STRICT_OBJC_MSGSEND = YES;
				ENABLE_TESTABILITY = YES;
				GCC_C_LANGUAGE_STANDARD = gnu11;
				GCC_DYNAMIC_NO_PIC = NO;
				GCC_NO_COMMON_BLOCKS = YES;
				GCC_OPTIMIZATION_LEVEL = 0;
				GCC_PREPROCESSOR_DEFINITIONS = (
					"DEBUG=1",
					"$(inherited)",
				);
				GCC_WARN_64_TO_32_BIT_CONVERSION = YES;
				GCC_WARN_ABOUT_RETURN_TYPE = YES_ERROR;
				GCC_WARN_UNDECLARED_SELECTOR = YES;
				GCC_WARN_UNINITIALIZED_AUTOS = YES_AGGRESSIVE;
				GCC_WARN_UNUSED_FUNCTION = YES;
				GCC_WARN_UNUSED_VARIABLE = YES;
				IPHONEOS_DEPLOYMENT_TARGET = 13.2;
				MTL_ENABLE_DEBUG_INFO = INCLUDE_SOURCE;
				MTL_FAST_MATH = YES;
				ONLY_ACTIVE_ARCH = YES;
				SDKROOT = iphoneos;
				SWIFT_ACTIVE_COMPILATION_CONDITIONS = DEBUG;
				SWIFT_OPTIMIZATION_LEVEL = "-Onone";
			};
			name = Debug;
		};
		B2F58DAA246A31BD0058720C /* Release */ = {
			isa = XCBuildConfiguration;
			buildSettings = {
				ALWAYS_SEARCH_USER_PATHS = NO;
				CLANG_ANALYZER_NONNULL = YES;
				CLANG_ANALYZER_NUMBER_OBJECT_CONVERSION = YES_AGGRESSIVE;
				CLANG_CXX_LANGUAGE_STANDARD = "gnu++14";
				CLANG_CXX_LIBRARY = "libc++";
				CLANG_ENABLE_MODULES = YES;
				CLANG_ENABLE_OBJC_ARC = YES;
				CLANG_ENABLE_OBJC_WEAK = YES;
				CLANG_WARN_BLOCK_CAPTURE_AUTORELEASING = YES;
				CLANG_WARN_BOOL_CONVERSION = YES;
				CLANG_WARN_COMMA = YES;
				CLANG_WARN_CONSTANT_CONVERSION = YES;
				CLANG_WARN_DEPRECATED_OBJC_IMPLEMENTATIONS = YES;
				CLANG_WARN_DIRECT_OBJC_ISA_USAGE = YES_ERROR;
				CLANG_WARN_DOCUMENTATION_COMMENTS = YES;
				CLANG_WARN_EMPTY_BODY = YES;
				CLANG_WARN_ENUM_CONVERSION = YES;
				CLANG_WARN_INFINITE_RECURSION = YES;
				CLANG_WARN_INT_CONVERSION = YES;
				CLANG_WARN_NON_LITERAL_NULL_CONVERSION = YES;
				CLANG_WARN_OBJC_IMPLICIT_RETAIN_SELF = YES;
				CLANG_WARN_OBJC_LITERAL_CONVERSION = YES;
				CLANG_WARN_OBJC_ROOT_CLASS = YES_ERROR;
				CLANG_WARN_RANGE_LOOP_ANALYSIS = YES;
				CLANG_WARN_STRICT_PROTOTYPES = YES;
				CLANG_WARN_SUSPICIOUS_MOVE = YES;
				CLANG_WARN_UNGUARDED_AVAILABILITY = YES_AGGRESSIVE;
				CLANG_WARN_UNREACHABLE_CODE = YES;
				CLANG_WARN__DUPLICATE_METHOD_MATCH = YES;
				COPY_PHASE_STRIP = NO;
				DEBUG_INFORMATION_FORMAT = "dwarf-with-dsym";
				ENABLE_NS_ASSERTIONS = NO;
				ENABLE_STRICT_OBJC_MSGSEND = YES;
				GCC_C_LANGUAGE_STANDARD = gnu11;
				GCC_NO_COMMON_BLOCKS = YES;
				GCC_WARN_64_TO_32_BIT_CONVERSION = YES;
				GCC_WARN_ABOUT_RETURN_TYPE = YES_ERROR;
				GCC_WARN_UNDECLARED_SELECTOR = YES;
				GCC_WARN_UNINITIALIZED_AUTOS = YES_AGGRESSIVE;
				GCC_WARN_UNUSED_FUNCTION = YES;
				GCC_WARN_UNUSED_VARIABLE = YES;
				IPHONEOS_DEPLOYMENT_TARGET = 13.2;
				MTL_ENABLE_DEBUG_INFO = NO;
				MTL_FAST_MATH = YES;
				SDKROOT = iphoneos;
				SWIFT_COMPILATION_MODE = wholemodule;
				SWIFT_OPTIMIZATION_LEVEL = "-O";
				VALIDATE_PRODUCT = YES;
			};
			name = Release;
		};
		B2F58DAC246A31BD0058720C /* Debug */ = {
			isa = XCBuildConfiguration;
			baseConfigurationReference = 8E22FB95AB7BBE205629F58D /* Pods-NationalDex.debug.xcconfig */;
			buildSettings = {
				ASSETCATALOG_COMPILER_APPICON_NAME = AppIcon;
				CODE_SIGN_STYLE = Automatic;
				INFOPLIST_FILE = NationalDex/Info.plist;
				LD_RUNPATH_SEARCH_PATHS = (
					"$(inherited)",
					"@executable_path/Frameworks",
				);
				PRODUCT_BUNDLE_IDENTIFIER = com.detroitlabs.NationalDex;
				PRODUCT_NAME = "$(TARGET_NAME)";
				SWIFT_VERSION = 5.0;
				TARGETED_DEVICE_FAMILY = "1,2";
			};
			name = Debug;
		};
		B2F58DAD246A31BD0058720C /* Release */ = {
			isa = XCBuildConfiguration;
			baseConfigurationReference = 37B647A1479904A3A670F651 /* Pods-NationalDex.release.xcconfig */;
			buildSettings = {
				ASSETCATALOG_COMPILER_APPICON_NAME = AppIcon;
				CODE_SIGN_STYLE = Automatic;
				INFOPLIST_FILE = NationalDex/Info.plist;
				LD_RUNPATH_SEARCH_PATHS = (
					"$(inherited)",
					"@executable_path/Frameworks",
				);
				PRODUCT_BUNDLE_IDENTIFIER = com.detroitlabs.NationalDex;
				PRODUCT_NAME = "$(TARGET_NAME)";
				SWIFT_VERSION = 5.0;
				TARGETED_DEVICE_FAMILY = "1,2";
			};
			name = Release;
		};
/* End XCBuildConfiguration section */

/* Begin XCConfigurationList section */
		B2F58D92246A31BC0058720C /* Build configuration list for PBXProject "NationalDex" */ = {
			isa = XCConfigurationList;
			buildConfigurations = (
				B2F58DA9246A31BD0058720C /* Debug */,
				B2F58DAA246A31BD0058720C /* Release */,
			);
			defaultConfigurationIsVisible = 0;
			defaultConfigurationName = Release;
		};
		B2F58DAB246A31BD0058720C /* Build configuration list for PBXNativeTarget "NationalDex" */ = {
			isa = XCConfigurationList;
			buildConfigurations = (
				B2F58DAC246A31BD0058720C /* Debug */,
				B2F58DAD246A31BD0058720C /* Release */,
			);
			defaultConfigurationIsVisible = 0;
			defaultConfigurationName = Release;
		};
/* End XCConfigurationList section */
	};
	rootObject = B2F58D8F246A31BC0058720C /* Project object */;
}
